PODS:
  - BaseDevtool (4.0.0):
    - BaseDevtool/framework (= 4.0.0)
  - BaseDevtool/framework (4.0.0):
    - DebugRouter (>= 5.0.15)
    - Lynx (= 4.0.0)
    - LynxBase (= 4.0.0)
  - DebugRouter (5.0.15):
    - DebugRouter/Framework (= 5.0.15)
    - DebugRouter/Native (= 5.0.15)
    - DebugRouter/third_party (= 5.0.15)
  - DebugRouter/Framework (5.0.15):
    - DebugRouter/Native
  - DebugRouter/MessageTransceiverEnable (5.0.15)
  - DebugRouter/Native (5.0.15):
    - DebugRouter/third_party
  - DebugRouter/third_party (5.0.15):
    - DebugRouter/third_party/jsoncpp (= 5.0.15)
  - DebugRouter/third_party/jsoncpp (5.0.15)
  - libwebp (1.5.0):
    - libwebp/demux (= 1.5.0)
    - libwebp/mux (= 1.5.0)
    - libwebp/sharpyuv (= 1.5.0)
    - libwebp/webp (= 1.5.0)
  - libwebp/demux (1.5.0):
    - libwebp/webp
  - libwebp/mux (1.5.0):
    - libwebp/demux
  - libwebp/sharpyuv (1.5.0)
  - libwebp/webp (1.5.0):
    - libwebp/sharpyuv
  - Lynx (4.0.0):
    - Lynx/Framework (= 4.0.0)
  - lynx-app-album-utils (1.0.0):
    - Lynx
  - lynx-app-audio-player (1.0.0):
    - Lynx
  - lynx-app-back (1.0.0):
    - Lynx
  - lynx-app-battery (1.0.0):
    - Lynx
  - lynx-app-biometric (1.0.0):
    - Lynx
  - lynx-app-clipboard (1.0.0):
    - Lynx
  - lynx-app-device-info (1.0.0):
    - Lynx
  - lynx-app-display (1.0.0):
    - Lynx
  - lynx-app-file-system (1.0.0):
    - Lynx
  - lynx-app-haptics (1.0.0):
    - Lynx
  - lynx-app-liquid-glass (1.0.0):
    - Lynx
  - lynx-app-local-notification (1.0.0):
    - Lynx
  - lynx-app-mmkv (1.0.0):
    - Lynx
    - MMKV (= 2.4.1)
  - lynx-app-permissions (1.0.0):
    - Lynx
  - lynx-app-pressable-view (1.0.0):
    - Lynx
  - lynx-app-router (1.0.0):
    - Lynx
  - lynx-app-scanner (1.0.0):
    - Lynx
  - lynx-app-screenshot (1.0.0):
    - Lynx
  - lynx-app-secure-storage (1.0.0):
    - Lynx
  - lynx-app-sensors (1.0.0):
    - Lynx
  - lynx-app-toast (1.0.0):
    - Lynx
  - lynx-app-websocket (1.0.0):
    - Lynx
  - lynx-app-webview-bridge (1.0.0):
    - Lynx
    - XElement
  - Lynx/Framework (4.0.0):
    - Lynx/ReleaseResource
    - LynxBase/Framework
    - LynxServiceAPI
    - PrimJS/napi/env
    - PrimJS/napi/jsc
    - PrimJS/napi/quickjs
    - PrimJS/quickjs (= 4.0.0)
  - Lynx/ReleaseResource (4.0.0)
  - LynxBase (4.0.0):
    - LynxBase/Framework (= 4.0.0)
  - LynxBase/Framework (4.0.0):
    - LynxServiceAPI/Core
  - LynxDevtool (4.0.0):
    - LynxDevtool/Framework (= 4.0.0)
    - LynxDevtool/LynxCore (= 4.0.0)
    - LynxDevtool/LynxRecorder (= 4.0.0)
  - LynxDevtool/Framework (4.0.0):
    - BaseDevtool (= 4.0.0)
    - DebugRouter (>= 5.0.15)
    - Lynx (= 4.0.0)
    - LynxBase (= 4.0.0)
    - LynxDevtool/Framework/zlib (= 4.0.0)
    - LynxDevtool/LynxCore
    - PrimJS/quickjs_debugger
    - PrimJS/quickjs_heapprofiler
    - PrimJS/quickjs_profiler
    - SocketRocket
  - LynxDevtool/Framework/zlib (4.0.0):
    - BaseDevtool (= 4.0.0)
    - DebugRouter (>= 5.0.15)
    - Lynx (= 4.0.0)
    - LynxBase (= 4.0.0)
    - LynxDevtool/LynxCore
    - PrimJS/quickjs_debugger
    - PrimJS/quickjs_heapprofiler
    - PrimJS/quickjs_profiler
    - SocketRocket
  - LynxDevtool/LynxCore (4.0.0)
  - LynxDevtool/LynxRecorder (4.0.0):
    - LynxDevtool/Framework
  - LynxLibraryRegistry (0.1.0):
    - Lynx
  - LynxService/Devtool (4.0.0):
    - Lynx (= 4.0.0)
    - LynxDevtool (= 4.0.0)
    - LynxServiceAPI (= 4.0.0)
  - LynxService/Image (4.0.0):
    - Lynx (= 4.0.0)
    - LynxServiceAPI (= 4.0.0)
    - SDWebImage (= 5.15.5)
    - SDWebImageWebPCoder (= 0.11.0)
  - LynxService/Log (4.0.0):
    - Lynx (= 4.0.0)
    - LynxBase (= 4.0.0)
    - LynxServiceAPI (= 4.0.0)
  - LynxServiceAPI (4.0.0):
    - LynxServiceAPI/Core (= 4.0.0)
  - LynxServiceAPI/Core (4.0.0)
  - LynxTextra (0.2.0)
  - MJRefresh (3.7.6)
  - MMKV (2.4.1):
    - MMKVCore (~> 2.4.1)
  - MMKVCore (2.4.1)
  - PrimJS/log (4.0.0)
  - PrimJS/napi (4.0.0):
    - PrimJS/napi/adapter (= 4.0.0)
    - PrimJS/napi/core (= 4.0.0)
    - PrimJS/napi/env (= 4.0.0)
    - PrimJS/napi/jsc (= 4.0.0)
    - PrimJS/napi/quickjs (= 4.0.0)
  - PrimJS/napi/adapter (4.0.0):
    - PrimJS/napi/core
    - PrimJS/napi/env
  - PrimJS/napi/core (4.0.0)
  - PrimJS/napi/env (4.0.0):
    - PrimJS/napi/core
  - PrimJS/napi/jsc (4.0.0):
    - PrimJS/log
    - PrimJS/napi/core
    - PrimJS/quickjs
  - PrimJS/napi/quickjs (4.0.0):
    - PrimJS/napi/core
    - PrimJS/quickjs
  - PrimJS/quickjs (4.0.0):
    - PrimJS/log
  - PrimJS/quickjs_debugger (4.0.0):
    - PrimJS/quickjs
  - PrimJS/quickjs_heapprofiler (4.0.0):
    - PrimJS/quickjs_debugger
  - PrimJS/quickjs_profiler (4.0.0):
    - PrimJS/quickjs_debugger
  - SDWebImage (5.15.5):
    - SDWebImage/Core (= 5.15.5)
  - SDWebImage/Core (5.15.5)
  - SDWebImageWebPCoder (0.11.0):
    - libwebp (~> 1.0)
    - SDWebImage/Core (~> 5.15)
  - ServalMarkdown (0.1.1):
    - LynxTextra
  - ServalSVG (0.1.1)
  - SocketRocket (0.7.1)
  - XElement (4.0.0):
    - XElement/Behavior (= 4.0.0)
    - XElement/BlurView (= 4.0.0)
    - XElement/Input (= 4.0.0)
    - XElement/Markdown (= 4.0.0)
    - XElement/Overlay (= 4.0.0)
    - XElement/Refresh (= 4.0.0)
    - XElement/ScrollCoordinator (= 4.0.0)
    - XElement/SVG (= 4.0.0)
    - XElement/ViewPager (= 4.0.0)
    - XElement/WebView (= 4.0.0)
  - XElement/Behavior (4.0.0):
    - Lynx (= 4.0.0)
    - XElement/BlurView
    - XElement/Input
    - XElement/Markdown
    - XElement/Overlay
    - XElement/Refresh
    - XElement/ScrollCoordinator
    - XElement/SVG
    - XElement/ViewPager
    - XElement/WebView
  - XElement/BlurView (4.0.0):
    - Lynx (= 4.0.0)
  - XElement/Input (4.0.0):
    - Lynx (= 4.0.0)
  - XElement/Markdown (4.0.0):
    - Lynx (= 4.0.0)
    - ServalMarkdown (= 0.1.1)
  - XElement/Overlay (4.0.0):
    - Lynx (= 4.0.0)
  - XElement/Refresh (4.0.0):
    - Lynx (= 4.0.0)
    - MJRefresh (>= 3.6.1)
  - XElement/ScrollCoordinator (4.0.0):
    - Lynx (= 4.0.0)
    - XElement/ViewPager
  - XElement/SVG (4.0.0):
    - Lynx (= 4.0.0)
    - ServalSVG (>= 0.0.17)
  - XElement/ViewPager (4.0.0):
    - Lynx (= 4.0.0)
  - XElement/WebView (4.0.0):
    - Lynx (= 4.0.0)

DEPENDENCIES:
  - BaseDevtool (= 4.0.0)
  - DebugRouter (= 5.0.15)
  - DebugRouter/MessageTransceiverEnable (= 5.0.15)
  - lynx-app-album-utils (from `/Users/u/workspace/lynx-template/autolink/album-utils/ios`)
  - lynx-app-audio-player (from `/Users/u/workspace/lynx-template/autolink/audio-player/ios`)
  - lynx-app-back (from `/Users/u/workspace/lynx-template/autolink/back/ios`)
  - lynx-app-battery (from `/Users/u/workspace/lynx-template/autolink/battery/ios`)
  - lynx-app-biometric (from `/Users/u/workspace/lynx-template/autolink/biometric/ios`)
  - lynx-app-clipboard (from `/Users/u/workspace/lynx-template/autolink/clipboard/ios`)
  - lynx-app-device-info (from `/Users/u/workspace/lynx-template/autolink/device-info/ios`)
  - lynx-app-display (from `/Users/u/workspace/lynx-template/autolink/display/ios`)
  - lynx-app-file-system (from `/Users/u/workspace/lynx-template/autolink/file-system/ios`)
  - lynx-app-haptics (from `/Users/u/workspace/lynx-template/autolink/haptics/ios`)
  - lynx-app-liquid-glass (from `/Users/u/workspace/lynx-template/autolink/liquid-glass/ios`)
  - lynx-app-local-notification (from `/Users/u/workspace/lynx-template/autolink/local-notification/ios`)
  - lynx-app-mmkv (from `/Users/u/workspace/lynx-template/autolink/mmkv/ios`)
  - lynx-app-permissions (from `/Users/u/workspace/lynx-template/autolink/permissions/ios`)
  - lynx-app-pressable-view (from `/Users/u/workspace/lynx-template/autolink/pressable-view/ios`)
  - lynx-app-router (from `/Users/u/workspace/lynx-template/autolink/router/ios`)
  - lynx-app-scanner (from `/Users/u/workspace/lynx-template/autolink/scanner/ios`)
  - lynx-app-screenshot (from `/Users/u/workspace/lynx-template/autolink/screenshot/ios`)
  - lynx-app-secure-storage (from `/Users/u/workspace/lynx-template/autolink/secure-storage/ios`)
  - lynx-app-sensors (from `/Users/u/workspace/lynx-template/autolink/sensors/ios`)
  - lynx-app-toast (from `/Users/u/workspace/lynx-template/autolink/toast/ios`)
  - lynx-app-websocket (from `/Users/u/workspace/lynx-template/autolink/websocket/ios`)
  - lynx-app-webview-bridge (from `/Users/u/workspace/lynx-template/autolink/webview-bridge/ios`)
  - Lynx/Framework (= 4.0.0)
  - LynxDevtool (= 4.0.0)
  - LynxLibraryRegistry (from `/Users/u/workspace/lynx-template/app/iosApp/generated/lynx-library`)
  - LynxService/Devtool (= 4.0.0)
  - LynxService/Image (= 4.0.0)
  - LynxService/Log (= 4.0.0)
  - PrimJS/napi (= 4.0.0)
  - PrimJS/quickjs (= 4.0.0)
  - SDWebImage (= 5.15.5)
  - SDWebImageWebPCoder (= 0.11.0)
  - XElement (= 4.0.0)

SPEC REPOS:
  trunk:
    - BaseDevtool
    - DebugRouter
    - libwebp
    - Lynx
    - LynxBase
    - LynxDevtool
    - LynxService
    - LynxServiceAPI
    - LynxTextra
    - MJRefresh
    - MMKV
    - MMKVCore
    - PrimJS
    - SDWebImage
    - SDWebImageWebPCoder
    - ServalMarkdown
    - ServalSVG
    - SocketRocket
    - XElement

EXTERNAL SOURCES:
  lynx-app-album-utils:
    :path: "/Users/u/workspace/lynx-template/autolink/album-utils/ios"
  lynx-app-audio-player:
    :path: "/Users/u/workspace/lynx-template/autolink/audio-player/ios"
  lynx-app-back:
    :path: "/Users/u/workspace/lynx-template/autolink/back/ios"
  lynx-app-battery:
    :path: "/Users/u/workspace/lynx-template/autolink/battery/ios"
  lynx-app-biometric:
    :path: "/Users/u/workspace/lynx-template/autolink/biometric/ios"
  lynx-app-clipboard:
    :path: "/Users/u/workspace/lynx-template/autolink/clipboard/ios"
  lynx-app-device-info:
    :path: "/Users/u/workspace/lynx-template/autolink/device-info/ios"
  lynx-app-display:
    :path: "/Users/u/workspace/lynx-template/autolink/display/ios"
  lynx-app-file-system:
    :path: "/Users/u/workspace/lynx-template/autolink/file-system/ios"
  lynx-app-haptics:
    :path: "/Users/u/workspace/lynx-template/autolink/haptics/ios"
  lynx-app-liquid-glass:
    :path: "/Users/u/workspace/lynx-template/autolink/liquid-glass/ios"
  lynx-app-local-notification:
    :path: "/Users/u/workspace/lynx-template/autolink/local-notification/ios"
  lynx-app-mmkv:
    :path: "/Users/u/workspace/lynx-template/autolink/mmkv/ios"
  lynx-app-permissions:
    :path: "/Users/u/workspace/lynx-template/autolink/permissions/ios"
  lynx-app-pressable-view:
    :path: "/Users/u/workspace/lynx-template/autolink/pressable-view/ios"
  lynx-app-router:
    :path: "/Users/u/workspace/lynx-template/autolink/router/ios"
  lynx-app-scanner:
    :path: "/Users/u/workspace/lynx-template/autolink/scanner/ios"
  lynx-app-screenshot:
    :path: "/Users/u/workspace/lynx-template/autolink/screenshot/ios"
  lynx-app-secure-storage:
    :path: "/Users/u/workspace/lynx-template/autolink/secure-storage/ios"
  lynx-app-sensors:
    :path: "/Users/u/workspace/lynx-template/autolink/sensors/ios"
  lynx-app-toast:
    :path: "/Users/u/workspace/lynx-template/autolink/toast/ios"
  lynx-app-websocket:
    :path: "/Users/u/workspace/lynx-template/autolink/websocket/ios"
  lynx-app-webview-bridge:
    :path: "/Users/u/workspace/lynx-template/autolink/webview-bridge/ios"
  LynxLibraryRegistry:
    :path: "/Users/u/workspace/lynx-template/app/iosApp/generated/lynx-library"

SPEC CHECKSUMS:
  BaseDevtool: 53e16deb081f47cc8d997764fbdef59a9a4d17d7
  DebugRouter: f0323a03519feabd12f553f0da7ac7931873a0ea
  libwebp: 02b23773aedb6ff1fd38cec7a77b81414c6842a8
  Lynx: 34c94a5ca239b8c282519ccbb598da390c3d7741
  lynx-app-album-utils: 945e846361c8b9a3f51f2afed5a2363f3c3efcde
  lynx-app-audio-player: 78bd28ca624df990405aff1bbeb1f2a44c775f9e
  lynx-app-back: 6b9a9023a58f952bf1acecaf6fcc2380a81ac8e3
  lynx-app-battery: 545ed37e26586b90d45054415486d69d49100fa0
  lynx-app-biometric: 2422797a73addbe29137aed33c284d36c387a553
  lynx-app-clipboard: 4fa5b6d19bbf978336d5c8b09e303bee5ae35821
  lynx-app-device-info: 877a9ba5ffc6dfcf9c86fd31766a1a391eaed6ea
  lynx-app-display: 864bc84cf1b0b293dc65d1b38be54c8a999b8c0a
  lynx-app-file-system: 6d54f5949461556a89bae0b94e3c5addb147173d
  lynx-app-haptics: 837ff778e906de9ac37005abd56e16f6c4defd8d
  lynx-app-liquid-glass: a1ac49d30156ec1090d75e8f659b4967aea5a92a
  lynx-app-local-notification: 3c937479e89775636f747254999a68ca19c67d6c
  lynx-app-mmkv: 7860d1659d1f824fdfa88825b8bcf21e42b4f96d
  lynx-app-permissions: 8d5a05c103f8775fbaa2ee59c481c6b94df48868
  lynx-app-pressable-view: ac456194dfd4269ad11a5b5694d14d363a2c2f6b
  lynx-app-router: c0be761ca8cac8e62ce35f85a66996bdd755c831
  lynx-app-scanner: f0bfb08d9c677a52176b74a9fe9d78328f6bbf7c
  lynx-app-screenshot: 08441a9cbc39beb4aa76b2dc31346f04f920dcf2
  lynx-app-secure-storage: 8bbf366fd669acd9459e165664c2a5f46d15ba13
  lynx-app-sensors: 2407202f6ee4824a1132cdf29266305d34ccd082
  lynx-app-toast: 30b0418ffb0ef98f845fe56ea40395ffc2b83d19
  lynx-app-websocket: d660c782afd55c0a41f02e0edd295c68f7a2a6f5
  lynx-app-webview-bridge: d5c3d8810d152d8493132922c574048ffc659786
  LynxBase: 0d3bd0b34481421ab2650c5ce2ede9bd8a9d4d0d
  LynxDevtool: 5ebbad403003238da502c4cd3e2c3593a8fd2535
  LynxLibraryRegistry: b2017f1b3dd04bcac00caacc69d28fddcd6c9043
  LynxService: e814fa4b7fc2df2abd9d3d330a1f2160130ecbdd
  LynxServiceAPI: 49e15fd0fa9647a36118016ce271b097297f5e23
  LynxTextra: a3104e6a60e6ed844396d849fc04cfee00548ea5
  MJRefresh: 2fe7fb43a5167ceda20bb7e63f130c04fd1814a5
  MMKV: 63014ed88c63a43bbe2a1c9cf3a58f3654a5f4eb
  MMKVCore: b29cd04b69f5794074e22183ba42ffee52445279
  PrimJS: f048efc0923e73cde312466a110516f56b70834d
  SDWebImage: fd7e1a22f00303e058058278639bf6196ee431fe
  SDWebImageWebPCoder: 295a6573c512f54ad2dd58098e64e17dcf008499
  ServalMarkdown: 4e0401818bc34bbb7659270e2df775119ccc029f
  ServalSVG: 6990830fdd5c1e7d545fc8c842a98bea6007dd86
  SocketRocket: d4aabe649be1e368d1318fdf28a022d714d65748
  XElement: 4f08b694546688719a726cf2cbe4a28d4d01e9ef

PODFILE CHECKSUM: 9791390af0ba33d9fedc7276c8dbd800334b4a06

COCOAPODS: 1.17.0
